
Microsoft Visual Studio Solution File, Format Version 12.00
# Visual Studio 14
VisualStudioVersion = 14.0.24720.0
MinimumVisualStudioVersion = 10.0.40219.1
Project("{FAE04EC0-301F-11D3-BF4B-00C04F79EFBC}") = "WebRocks", "src\WebRocks\WebRocks.csproj", "{A10DD8EA-A86A-4BC6-93FF-EB492992E2C0}"
EndProject
Project("{FAE04EC0-301F-11D3-BF4B-00C04F79EFBC}") = "WebRocksTests", "tests\WebRocksTests\WebRocksTests.csproj", "{FECB3157-D8BC-4286-BE43-E36794CC19B5}"
EndProject
Global
	GlobalSection(SolutionConfigurationPlatforms) = preSolution
		Debug|Any CPU = Debug|Any CPU
		Release|Any CPU = Release|Any CPU
	EndGlobalSection
	GlobalSection(ProjectConfigurationPlatforms) = postSolution
		{A10DD8EA-A86A-4BC6-93FF-EB492992E2C0}.Debug|Any CPU.ActiveCfg = Debug|Any CPU
		{A10DD8EA-A86A-4BC6-93FF-EB492992E2C0}.Debug|Any CPU.Build.0 = Debug|Any CPU
		{A10DD8EA-A86A-4BC6-93FF-EB492992E2C0}.Release|Any CPU.ActiveCfg = Release|Any CPU
		{A10DD8EA-A86A-4BC6-93FF-EB492992E2C0}.Release|Any CPU.Build.0 = Release|Any CPU
		{FECB3157-D8BC-4286-BE43-E36794CC19B5}.Debug|Any CPU.ActiveCfg = Debug|Any CPU
		{FECB3157-D8BC-4286-BE43-E36794CC19B5}.Debug|Any CPU.Build.0 = Debug|Any CPU
		{FECB3157-D8BC-4286-BE43-E36794CC19B5}.Release|Any CPU.ActiveCfg = Release|Any CPU
		{FECB3157-D8BC-4286-BE43-E36794CC19B5}.Release|Any CPU.Build.0 = Release|Any CPU
	EndGlobalSection
	GlobalSection(SolutionProperties) = preSolution
		HideSolutionNode = FALSE
	EndGlobalSection
EndGlobal
